
Microsoft Visual Studio Solution File, Format Version 12.00
# Visual Studio Version 17
VisualStudioVersion = 17.9.34728.123
MinimumVisualStudioVersion = 10.0.40219.1
Project("{FAE04EC0-301F-11D3-BF4B-00C04F79EFBC}") = "App_Lab", "App_Lab\App_Lab.csproj", "{B5A313DB-67C0-4489-94EB-AFA51F6819CB}"
EndProject
Global
	GlobalSection(SolutionConfigurationPlatforms) = preSolution
		Debug|Any CPU = Debug|Any CPU
		Release|Any CPU = Release|Any CPU
	EndGlobalSection
	GlobalSection(ProjectConfigurationPlatforms) = postSolution
		{B5A313DB-67C0-4489-94EB-AFA51F6819CB}.Debug|Any CPU.ActiveCfg = Debug|Any CPU
		{B5A313DB-67C0-4489-94EB-AFA51F6819CB}.Debug|Any CPU.Build.0 = Debug|Any CPU
		{B5A313DB-67C0-4489-94EB-AFA51F6819CB}.Release|Any CPU.ActiveCfg = Release|Any CPU
		{B5A313DB-67C0-4489-94EB-AFA51F6819CB}.Release|Any CPU.Build.0 = Release|Any CPU
	EndGlobalSection
	GlobalSection(SolutionProperties) = preSolution
		HideSolutionNode = FALSE
	EndGlobalSection
	GlobalSection(ExtensibilityGlobals) = postSolution
		SolutionGuid = {DB288B21-5457-43EF-8D9D-BF78E14C6DC0}
	EndGlobalSection
EndGlobal
